
Microsoft Visual Studio Solution File, Format Version 12.00
# Visual Studio Version 17
VisualStudioVersion = 17.1.32328.378
MinimumVisualStudioVersion = 10.0.40219.1
Project("{FAE04EC0-301F-11D3-BF4B-00C04F79EFBC}") = "ConsoleApp3", "ConsoleApp3\ConsoleApp3.csproj", "{77E37EAC-0A45-4FDC-B05F-FE9DB20D55AB}"
EndProject
Global
	GlobalSection(SolutionConfigurationPlatforms) = preSolution
		Debug|Any CPU = Debug|Any CPU
		Release|Any CPU = Release|Any CPU
	EndGlobalSection
	GlobalSection(ProjectConfigurationPlatforms) = postSolution
		{77E37EAC-0A45-4FDC-B05F-FE9DB20D55AB}.Debug|Any CPU.ActiveCfg = Debug|Any CPU
		{77E37EAC-0A45-4FDC-B05F-FE9DB20D55AB}.Debug|Any CPU.Build.0 = Debug|Any CPU
		{77E37EAC-0A45-4FDC-B05F-FE9DB20D55AB}.Release|Any CPU.ActiveCfg = Release|Any CPU
		{77E37EAC-0A45-4FDC-B05F-FE9DB20D55AB}.Release|Any CPU.Build.0 = Release|Any CPU
	EndGlobalSection
	GlobalSection(SolutionProperties) = preSolution
		HideSolutionNode = FALSE
	EndGlobalSection
	GlobalSection(ExtensibilityGlobals) = postSolution
		SolutionGuid = {BFE2DD57-825F-4E99-9B33-589ED138191B}
	EndGlobalSection
EndGlobal
